<?xml version="1.0" encoding="UTF-8" standalone="yes" ?>
<CodeBlocks_project_file>
	<FileVersion major="1" minor="6" />
	<Project>
		<Option title="TESTING BOTS IS A PAIN" />
		<Option pch_mode="2" />
		<Option compiler="gcc" />
		<Build>
			<Target title="Debug">
				<Option output="bin/Debug/TESTING BOTS IS A PAIN" prefix_auto="1" extension_auto="1" />
				<Option object_output="obj/Debug/" />
				<Option type="1" />
				<Option compiler="gcc" />
				<Compiler>
					<Add option="-g" />
				</Compiler>
			</Target>
			<Target title="Release">
				<Option output="bin/Release/TESTING BOTS IS A PAIN" prefix_auto="1" extension_auto="1" />
				<Option object_output="obj/Release/" />
				<Option type="1" />
				<Option compiler="gcc" />
				<Compiler>
					<Add option="-O2" />
				</Compiler>
				<Linker>
					<Add option="-s" />
				</Linker>
			</Target>
		</Build>
		<Compiler>
			<Add option="-Wall" />
			<Add option="-fexceptions" />
		</Compiler>
		<Unit filename="Behavior.cpp" />
		<Unit filename="Behavior.h" />
		<Unit filename="Bot.cpp" />
		<Unit filename="Bot.h" />
		<Unit filename="Interaction.hpp" />
		<Unit filename="Message.cpp" />
		<Unit filename="Message.h" />
		<Unit filename="NotImplementedException.cpp" />
		<Unit filename="NotImplementedException.h" />
		<Unit filename="RegexpValidator.cpp" />
		<Unit filename="RegexpValidator.h" />
		<Unit filename="User.cpp" />
		<Unit filename="User.h" />
		<Unit filename="botas.cpp" />
		<Unit filename="ioutils.hpp" />
		<Unit filename="main.cpp" />
		<Unit filename="sortingUtils.cpp" />
		<Unit filename="sortingUtils.h" />
		<Extensions>
			<lib_finder disable_auto="1" />
		</Extensions>
	</Project>
</CodeBlocks_project_file>
